
Microsoft Visual Studio Solution File, Format Version 12.00
# Visual Studio Version 16
VisualStudioVersion = 16.0.31702.278
MinimumVisualStudioVersion = 10.0.40219.1
Project("{2150E333-8FDC-42A3-9474-1A3956D46DE8}") = "Services", "Services", "{325BA356-B480-4F58-8338-CD80EE2108F3}"
EndProject
Project("{2150E333-8FDC-42A3-9474-1A3956D46DE8}") = "Catalog", "Catalog", "{52E6A5CC-FE8D-49EC-B4A4-085AD0E96292}"
EndProject
Project("{9A19103F-16F7-4668-BE54-9A1E7A4F7556}") = "Catalog.API", "Services\Catalog\Catalog.API\Catalog.API.csproj", "{18BDF459-C79D-43BA-AD89-10DE45A6A981}"
EndProject
Project("{E53339B2-1760-4266-BCC7-CA923CBCF16C}") = "docker-compose", "docker-compose.dcproj", "{BBF53784-926E-4DEB-8590-8328E1548917}"
EndProject
Project("{2150E333-8FDC-42A3-9474-1A3956D46DE8}") = "Basket", "Basket", "{4717A76C-CA10-4D8F-A6F8-37A163193DF0}"
EndProject
Project("{9A19103F-16F7-4668-BE54-9A1E7A4F7556}") = "Basket.API", "Services\Basket\Basket.API\Basket.API.csproj", "{B5B1EE84-17AB-4458-84EC-CBDFD480BDB8}"
EndProject
Project("{2150E333-8FDC-42A3-9474-1A3956D46DE8}") = "Discount", "Discount", "{43DB026A-1645-46A9-9BB9-C03A191932CA}"
EndProject
Project("{9A19103F-16F7-4668-BE54-9A1E7A4F7556}") = "Discount.API", "Services\Discount\Discount.API\Discount.API.csproj", "{5BC42C6C-96AE-43DA-94E1-494C099CACD4}"
EndProject
Project("{9A19103F-16F7-4668-BE54-9A1E7A4F7556}") = "Discount.Grpc", "Services\Discount\Discount.Grpc\Discount.Grpc.csproj", "{62851F4E-ADB2-43DB-8153-32FF85B1EAA9}"
EndProject
Project("{2150E333-8FDC-42A3-9474-1A3956D46DE8}") = "Ordering", "Ordering", "{16B702D3-374E-4E70-B6E1-89359F349C65}"
EndProject
Project("{FAE04EC0-301F-11D3-BF4B-00C04F79EFBC}") = "Ordering.API", "Services\Ordering\Ordering.API\Ordering.API.csproj", "{7FB6BBD4-3E47-4AA7-B87F-E274C603D055}"
EndProject
Project("{FAE04EC0-301F-11D3-BF4B-00C04F79EFBC}") = "Ordering.Domain", "Services\Ordering\Ordering.Domain\Ordering.Domain.csproj", "{5ABCF69C-0DED-471C-AA1E-AD14AEE5BEAB}"
EndProject
Project("{FAE04EC0-301F-11D3-BF4B-00C04F79EFBC}") = "Ordering.Application", "Services\Ordering\Ordering.Application\Ordering.Application.csproj", "{106BF305-37B5-44A3-AF39-6B48FA9D4F12}"
EndProject
Project("{FAE04EC0-301F-11D3-BF4B-00C04F79EFBC}") = "Ordering.Infrastructure", "Services\Ordering\Ordering.Infrastructure\Ordering.Infrastructure.csproj", "{EFD8F05C-B569-46B8-B006-642E2B223FDF}"
EndProject
Global
	GlobalSection(SolutionConfigurationPlatforms) = preSolution
		Debug|Any CPU = Debug|Any CPU
		Release|Any CPU = Release|Any CPU
	EndGlobalSection
	GlobalSection(ProjectConfigurationPlatforms) = postSolution
		{18BDF459-C79D-43BA-AD89-10DE45A6A981}.Debug|Any CPU.ActiveCfg = Debug|Any CPU
		{18BDF459-C79D-43BA-AD89-10DE45A6A981}.Debug|Any CPU.Build.0 = Debug|Any CPU
		{18BDF459-C79D-43BA-AD89-10DE45A6A981}.Release|Any CPU.ActiveCfg = Release|Any CPU
		{18BDF459-C79D-43BA-AD89-10DE45A6A981}.Release|Any CPU.Build.0 = Release|Any CPU
		{BBF53784-926E-4DEB-8590-8328E1548917}.Debug|Any CPU.ActiveCfg = Debug|Any CPU
		{BBF53784-926E-4DEB-8590-8328E1548917}.Debug|Any CPU.Build.0 = Debug|Any CPU
		{BBF53784-926E-4DEB-8590-8328E1548917}.Release|Any CPU.ActiveCfg = Release|Any CPU
		{BBF53784-926E-4DEB-8590-8328E1548917}.Release|Any CPU.Build.0 = Release|Any CPU
		{B5B1EE84-17AB-4458-84EC-CBDFD480BDB8}.Debug|Any CPU.ActiveCfg = Debug|Any CPU
		{B5B1EE84-17AB-4458-84EC-CBDFD480BDB8}.Debug|Any CPU.Build.0 = Debug|Any CPU
		{B5B1EE84-17AB-4458-84EC-CBDFD480BDB8}.Release|Any CPU.ActiveCfg = Release|Any CPU
		{B5B1EE84-17AB-4458-84EC-CBDFD480BDB8}.Release|Any CPU.Build.0 = Release|Any CPU
		{5BC42C6C-96AE-43DA-94E1-494C099CACD4}.Debug|Any CPU.ActiveCfg = Debug|Any CPU
		{5BC42C6C-96AE-43DA-94E1-494C099CACD4}.Debug|Any CPU.Build.0 = Debug|Any CPU
		{5BC42C6C-96AE-43DA-94E1-494C099CACD4}.Release|Any CPU.ActiveCfg = Release|Any CPU
		{5BC42C6C-96AE-43DA-94E1-494C099CACD4}.Release|Any CPU.Build.0 = Release|Any CPU
		{62851F4E-ADB2-43DB-8153-32FF85B1EAA9}.Debug|Any CPU.ActiveCfg = Debug|Any CPU
		{62851F4E-ADB2-43DB-8153-32FF85B1EAA9}.Debug|Any CPU.Build.0 = Debug|Any CPU
		{62851F4E-ADB2-43DB-8153-32FF85B1EAA9}.Release|Any CPU.ActiveCfg = Release|Any CPU
		{62851F4E-ADB2-43DB-8153-32FF85B1EAA9}.Release|Any CPU.Build.0 = Release|Any CPU
		{7FB6BBD4-3E47-4AA7-B87F-E274C603D055}.Debug|Any CPU.ActiveCfg = Debug|Any CPU
		{7FB6BBD4-3E47-4AA7-B87F-E274C603D055}.Debug|Any CPU.Build.0 = Debug|Any CPU
		{7FB6BBD4-3E47-4AA7-B87F-E274C603D055}.Release|Any CPU.ActiveCfg = Release|Any CPU
		{7FB6BBD4-3E47-4AA7-B87F-E274C603D055}.Release|Any CPU.Build.0 = Release|Any CPU
		{5ABCF69C-0DED-471C-AA1E-AD14AEE5BEAB}.Debug|Any CPU.ActiveCfg = Debug|Any CPU
		{5ABCF69C-0DED-471C-AA1E-AD14AEE5BEAB}.Debug|Any CPU.Build.0 = Debug|Any CPU
		{5ABCF69C-0DED-471C-AA1E-AD14AEE5BEAB}.Release|Any CPU.ActiveCfg = Release|Any CPU
		{5ABCF69C-0DED-471C-AA1E-AD14AEE5BEAB}.Release|Any CPU.Build.0 = Release|Any CPU
		{106BF305-37B5-44A3-AF39-6B48FA9D4F12}.Debug|Any CPU.ActiveCfg = Debug|Any CPU
		{106BF305-37B5-44A3-AF39-6B48FA9D4F12}.Debug|Any CPU.Build.0 = Debug|Any CPU
		{106BF305-37B5-44A3-AF39-6B48FA9D4F12}.Release|Any CPU.ActiveCfg = Release|Any CPU
		{106BF305-37B5-44A3-AF39-6B48FA9D4F12}.Release|Any CPU.Build.0 = Release|Any CPU
		{EFD8F05C-B569-46B8-B006-642E2B223FDF}.Debug|Any CPU.ActiveCfg = Debug|Any CPU
		{EFD8F05C-B569-46B8-B006-642E2B223FDF}.Debug|Any CPU.Build.0 = Debug|Any CPU
		{EFD8F05C-B569-46B8-B006-642E2B223FDF}.Release|Any CPU.ActiveCfg = Release|Any CPU
		{EFD8F05C-B569-46B8-B006-642E2B223FDF}.Release|Any CPU.Build.0 = Release|Any CPU
	EndGlobalSection
	GlobalSection(SolutionProperties) = preSolution
		HideSolutionNode = FALSE
	EndGlobalSection
	GlobalSection(NestedProjects) = preSolution
		{52E6A5CC-FE8D-49EC-B4A4-085AD0E96292} = {325BA356-B480-4F58-8338-CD80EE2108F3}
		{18BDF459-C79D-43BA-AD89-10DE45A6A981} = {52E6A5CC-FE8D-49EC-B4A4-085AD0E96292}
		{4717A76C-CA10-4D8F-A6F8-37A163193DF0} = {325BA356-B480-4F58-8338-CD80EE2108F3}
		{B5B1EE84-17AB-4458-84EC-CBDFD480BDB8} = {4717A76C-CA10-4D8F-A6F8-37A163193DF0}
		{43DB026A-1645-46A9-9BB9-C03A191932CA} = {325BA356-B480-4F58-8338-CD80EE2108F3}
		{5BC42C6C-96AE-43DA-94E1-494C099CACD4} = {43DB026A-1645-46A9-9BB9-C03A191932CA}
		{62851F4E-ADB2-43DB-8153-32FF85B1EAA9} = {43DB026A-1645-46A9-9BB9-C03A191932CA}
		{16B702D3-374E-4E70-B6E1-89359F349C65} = {325BA356-B480-4F58-8338-CD80EE2108F3}
		{7FB6BBD4-3E47-4AA7-B87F-E274C603D055} = {16B702D3-374E-4E70-B6E1-89359F349C65}
		{5ABCF69C-0DED-471C-AA1E-AD14AEE5BEAB} = {16B702D3-374E-4E70-B6E1-89359F349C65}
		{106BF305-37B5-44A3-AF39-6B48FA9D4F12} = {16B702D3-374E-4E70-B6E1-89359F349C65}
		{EFD8F05C-B569-46B8-B006-642E2B223FDF} = {16B702D3-374E-4E70-B6E1-89359F349C65}
	EndGlobalSection
	GlobalSection(ExtensibilityGlobals) = postSolution
		SolutionGuid = {30291BDB-39A5-4960-9681-7FD6267C9512}
	EndGlobalSection
EndGlobal
